
Microsoft Visual Studio Solution File, Format Version 12.00
# Visual Studio Version 16
VisualStudioVersion = 16.0.31005.135
MinimumVisualStudioVersion = 10.0.40219.1
Project("{FAE04EC0-301F-11D3-BF4B-00C04F79EFBC}") = "DNS", "DNS\DNS.csproj", "{51AAA6D5-2E4A-405C-9C04-A80F8CD1885C}"
EndProject
Global
	GlobalSection(SolutionConfigurationPlatforms) = preSolution
		Debug|Any CPU = Debug|Any CPU
		Release|Any CPU = Release|Any CPU
	EndGlobalSection
	GlobalSection(ProjectConfigurationPlatforms) = postSolution
		{51AAA6D5-2E4A-405C-9C04-A80F8CD1885C}.Debug|Any CPU.ActiveCfg = Debug|Any CPU
		{51AAA6D5-2E4A-405C-9C04-A80F8CD1885C}.Debug|Any CPU.Build.0 = Debug|Any CPU
		{51AAA6D5-2E4A-405C-9C04-A80F8CD1885C}.Release|Any CPU.ActiveCfg = Release|Any CPU
		{51AAA6D5-2E4A-405C-9C04-A80F8CD1885C}.Release|Any CPU.Build.0 = Release|Any CPU
	EndGlobalSection
	GlobalSection(SolutionProperties) = preSolution
		HideSolutionNode = FALSE
	EndGlobalSection
	GlobalSection(ExtensibilityGlobals) = postSolution
		SolutionGuid = {FBC58390-8C22-47F0-938B-A8A6885923E6}
	EndGlobalSection
EndGlobal
